// !$*UTF8*$!
{
	archiveVersion = 1;
	classes = {
	};
	objectVersion = 50;
	objects = {

/* Begin PBXBuildFile section */
		9EB5708422E21D7E00E5550D /* AppDelegate.swift in Sources */ = {isa = PBXBuildFile; fileRef = 9EB5708322E21D7E00E5550D /* AppDelegate.swift */; };
		9EB5708622E21D7E00E5550D /* FriendsController.swift in Sources */ = {isa = PBXBuildFile; fileRef = 9EB5708522E21D7E00E5550D /* FriendsController.swift */; };
		9EB5708B22E21D7F00E5550D /* Assets.xcassets in Resources */ = {isa = PBXBuildFile; fileRef = 9EB5708A22E21D7F00E5550D /* Assets.xcassets */; };
		9EB5708E22E21D7F00E5550D /* LaunchScreen.storyboard in Resources */ = {isa = PBXBuildFile; fileRef = 9EB5708C22E21D7F00E5550D /* LaunchScreen.storyboard */; };
		9EB5709722E21E6300E5550D /* CoreData.framework in Frameworks */ = {isa = PBXBuildFile; fileRef = 9EB5709622E21E6300E5550D /* CoreData.framework */; };
		9EC58E4B22E5F4F9006F685A /* Message.swift in Sources */ = {isa = PBXBuildFile; fileRef = 9EC58E4A22E5F4F9006F685A /* Message.swift */; };
		9EC58E4D22E5F55C006F685A /* User.swift in Sources */ = {isa = PBXBuildFile; fileRef = 9EC58E4C22E5F55C006F685A /* User.swift */; };
		9EC58E5022E601B0006F685A /* MessageViewModel.swift in Sources */ = {isa = PBXBuildFile; fileRef = 9EC58E4F22E601B0006F685A /* MessageViewModel.swift */; };
		9EC58E5222E601B7006F685A /* UserViewModel.swift in Sources */ = {isa = PBXBuildFile; fileRef = 9EC58E5122E601B7006F685A /* UserViewModel.swift */; };
		9EC58E5522E607A7006F685A /* ThreadCell.swift in Sources */ = {isa = PBXBuildFile; fileRef = 9EC58E5422E607A7006F685A /* ThreadCell.swift */; };
		9EC58E5722E607B9006F685A /* BaseCell.swift in Sources */ = {isa = PBXBuildFile; fileRef = 9EC58E5622E607B9006F685A /* BaseCell.swift */; };
		9EC58E5A22E60E65006F685A /* messagesModel.xcdatamodeld in Sources */ = {isa = PBXBuildFile; fileRef = 9EC58E5822E60E65006F685A /* messagesModel.xcdatamodeld */; };
		9EE066A122E790DA00630765 /* ChatLogController.swift in Sources */ = {isa = PBXBuildFile; fileRef = 9EE066A022E790DA00630765 /* ChatLogController.swift */; };
		9EE066A322E7A1AA00630765 /* MessageCell.swift in Sources */ = {isa = PBXBuildFile; fileRef = 9EE066A222E7A1AA00630765 /* MessageCell.swift */; };
		9EE066A522E9C31600630765 /* TabBarController.swift in Sources */ = {isa = PBXBuildFile; fileRef = 9EE066A422E9C31600630765 /* TabBarController.swift */; };
/* End PBXBuildFile section */

/* Begin PBXFileReference section */
		9EB5708022E21D7E00E5550D /* Messenger.app */ = {isa = PBXFileReference; explicitFileType = wrapper.application; includeInIndex = 0; path = Messenger.app; sourceTree = BUILT_PRODUCTS_DIR; };
		9EB5708322E21D7E00E5550D /* AppDelegate.swift */ = {isa = PBXFileReference; lastKnownFileType = sourcecode.swift; path = AppDelegate.swift; sourceTree = "<group>"; };
		9EB5708522E21D7E00E5550D /* FriendsController.swift */ = {isa = PBXFileReference; lastKnownFileType = sourcecode.swift; path = FriendsController.swift; sourceTree = "<group>"; };
		9EB5708A22E21D7F00E5550D /* Assets.xcassets */ = {isa = PBXFileReference; lastKnownFileType = folder.assetcatalog; path = Assets.xcassets; sourceTree = "<group>"; };
		9EB5708D22E21D7F00E5550D /* Base */ = {isa = PBXFileReference; lastKnownFileType = file.storyboard; name = Base; path = Base.lproj/LaunchScreen.storyboard; sourceTree = "<group>"; };
		9EB5708F22E21D7F00E5550D /* Info.plist */ = {isa = PBXFileReference; lastKnownFileType = text.plist.xml; path = Info.plist; sourceTree = "<group>"; };
		9EB5709622E21E6300E5550D /* CoreData.framework */ = {isa = PBXFileReference; lastKnownFileType = wrapper.framework; name = CoreData.framework; path = System/Library/Frameworks/CoreData.framework; sourceTree = SDKROOT; };
		9EC58E4A22E5F4F9006F685A /* Message.swift */ = {isa = PBXFileReference; lastKnownFileType = sourcecode.swift; path = Message.swift; sourceTree = "<group>"; };
		9EC58E4C22E5F55C006F685A /* User.swift */ = {isa = PBXFileReference; lastKnownFileType = sourcecode.swift; path = User.swift; sourceTree = "<group>"; };
		9EC58E4F22E601B0006F685A /* MessageViewModel.swift */ = {isa = PBXFileReference; lastKnownFileType = sourcecode.swift; path = MessageViewModel.swift; sourceTree = "<group>"; };
		9EC58E5122E601B7006F685A /* UserViewModel.swift */ = {isa = PBXFileReference; lastKnownFileType = sourcecode.swift; path = UserViewModel.swift; sourceTree = "<group>"; };
		9EC58E5422E607A7006F685A /* ThreadCell.swift */ = {isa = PBXFileReference; lastKnownFileType = sourcecode.swift; path = ThreadCell.swift; sourceTree = "<group>"; };
		9EC58E5622E607B9006F685A /* BaseCell.swift */ = {isa = PBXFileReference; lastKnownFileType = sourcecode.swift; path = BaseCell.swift; sourceTree = "<group>"; };
		9EC58E5922E60E65006F685A /* messagesModel.xcdatamodel */ = {isa = PBXFileReference; lastKnownFileType = wrapper.xcdatamodel; path = messagesModel.xcdatamodel; sourceTree = "<group>"; };
		9EE066A022E790DA00630765 /* ChatLogController.swift */ = {isa = PBXFileReference; lastKnownFileType = sourcecode.swift; path = ChatLogController.swift; sourceTree = "<group>"; };
		9EE066A222E7A1AA00630765 /* MessageCell.swift */ = {isa = PBXFileReference; lastKnownFileType = sourcecode.swift; path = MessageCell.swift; sourceTree = "<group>"; };
		9EE066A422E9C31600630765 /* TabBarController.swift */ = {isa = PBXFileReference; lastKnownFileType = sourcecode.swift; path = TabBarController.swift; sourceTree = "<group>"; };
/* End PBXFileReference section */

/* Begin PBXFrameworksBuildPhase section */
		9EB5707D22E21D7E00E5550D /* Frameworks */ = {
			isa = PBXFrameworksBuildPhase;
			buildActionMask = 2147483647;
			files = (
				9EB5709722E21E6300E5550D /* CoreData.framework in Frameworks */,
			);
			runOnlyForDeploymentPostprocessing = 0;
		};
/* End PBXFrameworksBuildPhase section */

/* Begin PBXGroup section */
		9EB5707722E21D7D00E5550D = {
			isa = PBXGroup;
			children = (
				9EB5708222E21D7E00E5550D /* Messenger */,
				9EB5708122E21D7E00E5550D /* Products */,
				9EB5709522E21E6300E5550D /* Frameworks */,
			);
			sourceTree = "<group>";
		};
		9EB5708122E21D7E00E5550D /* Products */ = {
			isa = PBXGroup;
			children = (
				9EB5708022E21D7E00E5550D /* Messenger.app */,
			);
			name = Products;
			sourceTree = "<group>";
		};
		9EB5708222E21D7E00E5550D /* Messenger */ = {
			isa = PBXGroup;
			children = (
				9EC58E5322E60794006F685A /* View */,
				9EC58E4E22E60182006F685A /* ViewModel */,
				9EC58E4922E5F4E9006F685A /* Model */,
				9EB5708322E21D7E00E5550D /* AppDelegate.swift */,
				9EB5708522E21D7E00E5550D /* FriendsController.swift */,
				9EE066A022E790DA00630765 /* ChatLogController.swift */,
				9EB5708A22E21D7F00E5550D /* Assets.xcassets */,
				9EB5708C22E21D7F00E5550D /* LaunchScreen.storyboard */,
				9EB5708F22E21D7F00E5550D /* Info.plist */,
				9EE066A422E9C31600630765 /* TabBarController.swift */,
			);
			path = Messenger;
			sourceTree = "<group>";
		};
		9EB5709522E21E6300E5550D /* Frameworks */ = {
			isa = PBXGroup;
			children = (
				9EB5709622E21E6300E5550D /* CoreData.framework */,
			);
			name = Frameworks;
			sourceTree = "<group>";
		};
		9EC58E4922E5F4E9006F685A /* Model */ = {
			isa = PBXGroup;
			children = (
				9EC58E4A22E5F4F9006F685A /* Message.swift */,
				9EC58E4C22E5F55C006F685A /* User.swift */,
				9EC58E5822E60E65006F685A /* messagesModel.xcdatamodeld */,
			);
			path = Model;
			sourceTree = "<group>";
		};
		9EC58E4E22E60182006F685A /* ViewModel */ = {
			isa = PBXGroup;
			children = (
				9EC58E4F22E601B0006F685A /* MessageViewModel.swift */,
				9EC58E5122E601B7006F685A /* UserViewModel.swift */,
			);
			path = ViewModel;
			sourceTree = "<group>";
		};
		9EC58E5322E60794006F685A /* View */ = {
			isa = PBXGroup;
			children = (
				9EC58E5422E607A7006F685A /* ThreadCell.swift */,
				9EC58E5622E607B9006F685A /* BaseCell.swift */,
				9EE066A222E7A1AA00630765 /* MessageCell.swift */,
			);
			path = View;
			sourceTree = "<group>";
		};
/* End PBXGroup section */

/* Begin PBXNativeTarget section */
		9EB5707F22E21D7E00E5550D /* Messenger */ = {
			isa = PBXNativeTarget;
			buildConfigurationList = 9EB5709222E21D7F00E5550D /* Build configuration list for PBXNativeTarget "Messenger" */;
			buildPhases = (
				9EB5707C22E21D7E00E5550D /* Sources */,
				9EB5707D22E21D7E00E5550D /* Frameworks */,
				9EB5707E22E21D7E00E5550D /* Resources */,
			);
			buildRules = (
			);
			dependencies = (
			);
			name = Messenger;
			productName = Messenger;
			productReference = 9EB5708022E21D7E00E5550D /* Messenger.app */;
			productType = "com.apple.product-type.application";
		};
/* End PBXNativeTarget section */

/* Begin PBXProject section */
		9EB5707822E21D7D00E5550D /* Project object */ = {
			isa = PBXProject;
			attributes = {
				LastSwiftUpdateCheck = 1020;
				LastUpgradeCheck = 1020;
				ORGANIZATIONNAME = "Christoph Wottawa";
				TargetAttributes = {
					9EB5707F22E21D7E00E5550D = {
						CreatedOnToolsVersion = 10.2.1;
					};
				};
			};
			buildConfigurationList = 9EB5707B22E21D7D00E5550D /* Build configuration list for PBXProject "Messenger" */;
			compatibilityVersion = "Xcode 9.3";
			developmentRegion = en;
			hasScannedForEncodings = 0;
			knownRegions = (
				en,
				Base,
			);
			mainGroup = 9EB5707722E21D7D00E5550D;
			productRefGroup = 9EB5708122E21D7E00E5550D /* Products */;
			projectDirPath = "";
			projectRoot = "";
			targets = (
				9EB5707F22E21D7E00E5550D /* Messenger */,
			);
		};
/* End PBXProject section */

/* Begin PBXResourcesBuildPhase section */
		9EB5707E22E21D7E00E5550D /* Resources */ = {
			isa = PBXResourcesBuildPhase;
			buildActionMask = 2147483647;
			files = (
				9EB5708E22E21D7F00E5550D /* LaunchScreen.storyboard in Resources */,
				9EB5708B22E21D7F00E5550D /* Assets.xcassets in Resources */,
			);
			runOnlyForDeploymentPostprocessing = 0;
		};
/* End PBXResourcesBuildPhase section */

/* Begin PBXSourcesBuildPhase section */
		9EB5707C22E21D7E00E5550D /* Sources */ = {
			isa = PBXSourcesBuildPhase;
			buildActionMask = 2147483647;
			files = (
				9EE066A122E790DA00630765 /* ChatLogController.swift in Sources */,
				9EC58E4D22E5F55C006F685A /* User.swift in Sources */,
				9EC58E5222E601B7006F685A /* UserViewModel.swift in Sources */,
				9EC58E4B22E5F4F9006F685A /* Message.swift in Sources */,
				9EC58E5022E601B0006F685A /* MessageViewModel.swift in Sources */,
				9EC58E5A22E60E65006F685A /* messagesModel.xcdatamodeld in Sources */,
				9EC58E5722E607B9006F685A /* BaseCell.swift in Sources */,
				9EC58E5522E607A7006F685A /* ThreadCell.swift in Sources */,
				9EB5708622E21D7E00E5550D /* FriendsController.swift in Sources */,
				9EE066A522E9C31600630765 /* TabBarController.swift in Sources */,
				9EE066A322E7A1AA00630765 /* MessageCell.swift in Sources */,
				9EB5708422E21D7E00E5550D /* AppDelegate.swift in Sources */,
			);
			runOnlyForDeploymentPostprocessing = 0;
		};
/* End PBXSourcesBuildPhase section */

/* Begin PBXVariantGroup section */
		9EB5708C22E21D7F00E5550D /* LaunchScreen.storyboard */ = {
			isa = PBXVariantGroup;
			children = (
				9EB5708D22E21D7F00E5550D /* Base */,
			);
			name = LaunchScreen.storyboard;
			sourceTree = "<group>";
		};
/* End PBXVariantGroup section */

/* Begin XCBuildConfiguration section */
		9EB5709022E21D7F00E5550D /* Debug */ = {
			isa = XCBuildConfiguration;
			buildSettings = {
				ALWAYS_SEARCH_USER_PATHS = NO;
				CLANG_ANALYZER_NONNULL = YES;
				CLANG_ANALYZER_NUMBER_OBJECT_CONVERSION = YES_AGGRESSIVE;
				CLANG_CXX_LANGUAGE_STANDARD = "gnu++14";
				CLANG_CXX_LIBRARY = "libc++";
				CLANG_ENABLE_MODULES = YES;
				CLANG_ENABLE_OBJC_ARC = YES;
				CLANG_ENABLE_OBJC_WEAK = YES;
				CLANG_WARN_BLOCK_CAPTURE_AUTORELEASING = YES;
				CLANG_WARN_BOOL_CONVERSION = YES;
				CLANG_WARN_COMMA = YES;
				CLANG_WARN_CONSTANT_CONVERSION = YES;
				CLANG_WARN_DEPRECATED_OBJC_IMPLEMENTATIONS = YES;
				CLANG_WARN_DIRECT_OBJC_ISA_USAGE = YES_ERROR;
				CLANG_WARN_DOCUMENTATION_COMMENTS = YES;
				CLANG_WARN_EMPTY_BODY = YES;
				CLANG_WARN_ENUM_CONVERSION = YES;
				CLANG_WARN_INFINITE_RECURSION = YES;
				CLANG_WARN_INT_CONVERSION = YES;
				CLANG_WARN_NON_LITERAL_NULL_CONVERSION = YES;
				CLANG_WARN_OBJC_IMPLICIT_RETAIN_SELF = YES;
				CLANG_WARN_OBJC_LITERAL_CONVERSION = YES;
				CLANG_WARN_OBJC_ROOT_CLASS = YES_ERROR;
				CLANG_WARN_RANGE_LOOP_ANALYSIS = YES;
				CLANG_WARN_STRICT_PROTOTYPES = YES;
				CLANG_WARN_SUSPICIOUS_MOVE = YES;
				CLANG_WARN_UNGUARDED_AVAILABILITY = YES_AGGRESSIVE;
				CLANG_WARN_UNREACHABLE_CODE = YES;
				CLANG_WARN__DUPLICATE_METHOD_MATCH = YES;
				CODE_SIGN_IDENTITY = "iPhone Developer";
				COPY_PHASE_STRIP = NO;
				DEBUG_INFORMATION_FORMAT = dwarf;
				ENABLE_STRICT_OBJC_MSGSEND = YES;
				ENABLE_TESTABILITY = YES;
				GCC_C_LANGUAGE_STANDARD = gnu11;
				GCC_DYNAMIC_NO_PIC = NO;
				GCC_NO_COMMON_BLOCKS = YES;
				GCC_OPTIMIZATION_LEVEL = 0;
				GCC_PREPROCESSOR_DEFINITIONS = (
					"DEBUG=1",
					"$(inherited)",
				);
				GCC_WARN_64_TO_32_BIT_CONVERSION = YES;
				GCC_WARN_ABOUT_RETURN_TYPE = YES_ERROR;
				GCC_WARN_UNDECLARED_SELECTOR = YES;
				GCC_WARN_UNINITIALIZED_AUTOS = YES_AGGRESSIVE;
				GCC_WARN_UNUSED_FUNCTION = YES;
				GCC_WARN_UNUSED_VARIABLE = YES;
				IPHONEOS_DEPLOYMENT_TARGET = 12.2;
				MTL_ENABLE_DEBUG_INFO = INCLUDE_SOURCE;
				MTL_FAST_MATH = YES;
				ONLY_ACTIVE_ARCH = YES;
				SDKROOT = iphoneos;
				SWIFT_ACTIVE_COMPILATION_CONDITIONS = DEBUG;
				SWIFT_OPTIMIZATION_LEVEL = "-Onone";
			};
			name = Debug;
		};
		9EB5709122E21D7F00E5550D /* Release */ = {
			isa = XCBuildConfiguration;
			buildSettings = {
				ALWAYS_SEARCH_USER_PATHS = NO;
				CLANG_ANALYZER_NONNULL = YES;
				CLANG_ANALYZER_NUMBER_OBJECT_CONVERSION = YES_AGGRESSIVE;
				CLANG_CXX_LANGUAGE_STANDARD = "gnu++14";
				CLANG_CXX_LIBRARY = "libc++";
				CLANG_ENABLE_MODULES = YES;
				CLANG_ENABLE_OBJC_ARC = YES;
				CLANG_ENABLE_OBJC_WEAK = YES;
				CLANG_WARN_BLOCK_CAPTURE_AUTORELEASING = YES;
				CLANG_WARN_BOOL_CONVERSION = YES;
				CLANG_WARN_COMMA = YES;
				CLANG_WARN_CONSTANT_CONVERSION = YES;
				CLANG_WARN_DEPRECATED_OBJC_IMPLEMENTATIONS = YES;
				CLANG_WARN_DIRECT_OBJC_ISA_USAGE = YES_ERROR;
				CLANG_WARN_DOCUMENTATION_COMMENTS = YES;
				CLANG_WARN_EMPTY_BODY = YES;
				CLANG_WARN_ENUM_CONVERSION = YES;
				CLANG_WARN_INFINITE_RECURSION = YES;
				CLANG_WARN_INT_CONVERSION = YES;
				CLANG_WARN_NON_LITERAL_NULL_CONVERSION = YES;
				CLANG_WARN_OBJC_IMPLICIT_RETAIN_SELF = YES;
				CLANG_WARN_OBJC_LITERAL_CONVERSION = YES;
				CLANG_WARN_OBJC_ROOT_CLASS = YES_ERROR;
				CLANG_WARN_RANGE_LOOP_ANALYSIS = YES;
				CLANG_WARN_STRICT_PROTOTYPES = YES;
				CLANG_WARN_SUSPICIOUS_MOVE = YES;
				CLANG_WARN_UNGUARDED_AVAILABILITY = YES_AGGRESSIVE;
				CLANG_WARN_UNREACHABLE_CODE = YES;
				CLANG_WARN__DUPLICATE_METHOD_MATCH = YES;
				CODE_SIGN_IDENTITY = "iPhone Developer";
				COPY_PHASE_STRIP = NO;
				DEBUG_INFORMATION_FORMAT = "dwarf-with-dsym";
				ENABLE_NS_ASSERTIONS = NO;
				ENABLE_STRICT_OBJC_MSGSEND = YES;
				GCC_C_LANGUAGE_STANDARD = gnu11;
				GCC_NO_COMMON_BLOCKS = YES;
				GCC_WARN_64_TO_32_BIT_CONVERSION = YES;
				GCC_WARN_ABOUT_RETURN_TYPE = YES_ERROR;
				GCC_WARN_UNDECLARED_SELECTOR = YES;
				GCC_WARN_UNINITIALIZED_AUTOS = YES_AGGRESSIVE;
				GCC_WARN_UNUSED_FUNCTION = YES;
				GCC_WARN_UNUSED_VARIABLE = YES;
				IPHONEOS_DEPLOYMENT_TARGET = 12.2;
				MTL_ENABLE_DEBUG_INFO = NO;
				MTL_FAST_MATH = YES;
				SDKROOT = iphoneos;
				SWIFT_COMPILATION_MODE = wholemodule;
				SWIFT_OPTIMIZATION_LEVEL = "-O";
				VALIDATE_PRODUCT = YES;
			};
			name = Release;
		};
		9EB5709322E21D7F00E5550D /* Debug */ = {
			isa = XCBuildConfiguration;
			buildSettings = {
				ASSETCATALOG_COMPILER_APPICON_NAME = AppIcon;
				CODE_SIGN_STYLE = Automatic;
				DEVELOPMENT_TEAM = K6YDQ7N662;
				INFOPLIST_FILE = Messenger/Info.plist;
				LD_RUNPATH_SEARCH_PATHS = (
					"$(inherited)",
					"@executable_path/Frameworks",
				);
				PRODUCT_BUNDLE_IDENTIFIER = at.ccomp.Messenger;
				PRODUCT_NAME = "$(TARGET_NAME)";
				SWIFT_VERSION = 5.0;
				TARGETED_DEVICE_FAMILY = "1,2";
			};
			name = Debug;
		};
		9EB5709422E21D7F00E5550D /* Release */ = {
			isa = XCBuildConfiguration;
			buildSettings = {
				ASSETCATALOG_COMPILER_APPICON_NAME = AppIcon;
				CODE_SIGN_STYLE = Automatic;
				DEVELOPMENT_TEAM = K6YDQ7N662;
				INFOPLIST_FILE = Messenger/Info.plist;
				LD_RUNPATH_SEARCH_PATHS = (
					"$(inherited)",
					"@executable_path/Frameworks",
				);
				PRODUCT_BUNDLE_IDENTIFIER = at.ccomp.Messenger;
				PRODUCT_NAME = "$(TARGET_NAME)";
				SWIFT_VERSION = 5.0;
				TARGETED_DEVICE_FAMILY = "1,2";
			};
			name = Release;
		};
/* End XCBuildConfiguration section */

/* Begin XCConfigurationList section */
		9EB5707B22E21D7D00E5550D /* Build configuration list for PBXProject "Messenger" */ = {
			isa = XCConfigurationList;
			buildConfigurations = (
				9EB5709022E21D7F00E5550D /* Debug */,
				9EB5709122E21D7F00E5550D /* Release */,
			);
			defaultConfigurationIsVisible = 0;
			defaultConfigurationName = Release;
		};
		9EB5709222E21D7F00E5550D /* Build configuration list for PBXNativeTarget "Messenger" */ = {
			isa = XCConfigurationList;
			buildConfigurations = (
				9EB5709322E21D7F00E5550D /* Debug */,
				9EB5709422E21D7F00E5550D /* Release */,
			);
			defaultConfigurationIsVisible = 0;
			defaultConfigurationName = Release;
		};
/* End XCConfigurationList section */

/* Begin XCVersionGroup section */
		9EC58E5822E60E65006F685A /* messagesModel.xcdatamodeld */ = {
			isa = XCVersionGroup;
			children = (
				9EC58E5922E60E65006F685A /* messagesModel.xcdatamodel */,
			);
			currentVersion = 9EC58E5922E60E65006F685A /* messagesModel.xcdatamodel */;
			path = messagesModel.xcdatamodeld;
			sourceTree = "<group>";
			versionGroupType = wrapper.xcdatamodel;
		};
/* End XCVersionGroup section */
	};
	rootObject = 9EB5707822E21D7D00E5550D /* Project object */;
}
